// !$*UTF8*$!
{
	archiveVersion = 1;
	classes = {
	};
	objectVersion = 56;
	objects = {

/* Begin PBXBuildFile section */
		9F0C75E02B330F7200DF1CB7 /* WeatherAppApp.swift in Sources */ = {isa = PBXBuildFile; fileRef = 9F0C75DF2B330F7200DF1CB7 /* WeatherAppApp.swift */; };
		9F0C75E22B330F7200DF1CB7 /* ContentView.swift in Sources */ = {isa = PBXBuildFile; fileRef = 9F0C75E12B330F7200DF1CB7 /* ContentView.swift */; };
		9F0C75E42B330F7300DF1CB7 /* Assets.xcassets in Resources */ = {isa = PBXBuildFile; fileRef = 9F0C75E32B330F7300DF1CB7 /* Assets.xcassets */; };
		9F0C75E72B330F7300DF1CB7 /* Preview Assets.xcassets in Resources */ = {isa = PBXBuildFile; fileRef = 9F0C75E62B330F7300DF1CB7 /* Preview Assets.xcassets */; };
		9F0C75F02B3311EC00DF1CB7 /* WeatherHomeView.swift in Sources */ = {isa = PBXBuildFile; fileRef = 9F0C75EF2B3311EC00DF1CB7 /* WeatherHomeView.swift */; };
		9F0C75F72B3346A900DF1CB7 /* CurrentWeatherDTO.swift in Sources */ = {isa = PBXBuildFile; fileRef = 9F0C75F62B3346A900DF1CB7 /* CurrentWeatherDTO.swift */; };
		9F0C75F92B33537500DF1CB7 /* CurrentWeatherBO.swift in Sources */ = {isa = PBXBuildFile; fileRef = 9F0C75F82B33537500DF1CB7 /* CurrentWeatherBO.swift */; };
		9F0C75FB2B3C4BD100DF1CB7 /* CurrentWeatherMapper.swift in Sources */ = {isa = PBXBuildFile; fileRef = 9F0C75FA2B3C4BD100DF1CB7 /* CurrentWeatherMapper.swift */; };
		9F0C75FE2B3C5A9200DF1CB7 /* WeatherInteractor.swift in Sources */ = {isa = PBXBuildFile; fileRef = 9F0C75FD2B3C5A9200DF1CB7 /* WeatherInteractor.swift */; };
		9F0C76002B3D9E5F00DF1CB7 /* WeatherHomeViewModel.swift in Sources */ = {isa = PBXBuildFile; fileRef = 9F0C75FF2B3D9E5F00DF1CB7 /* WeatherHomeViewModel.swift */; };
		9FC5E9FD2B50411000A51664 /* Constants.swift in Sources */ = {isa = PBXBuildFile; fileRef = 9FC5E9FC2B50411000A51664 /* Constants.swift */; };
		9FC5EA022B5052F200A51664 /* GeneralView.swift in Sources */ = {isa = PBXBuildFile; fileRef = 9FC5EA012B5052F200A51664 /* GeneralView.swift */; };
		9FC5EA042B5053CB00A51664 /* InfoCityAndTempView.swift in Sources */ = {isa = PBXBuildFile; fileRef = 9FC5EA032B5053CB00A51664 /* InfoCityAndTempView.swift */; };
		9FC5EA062B50546600A51664 /* InfoGeneralView.swift in Sources */ = {isa = PBXBuildFile; fileRef = 9FC5EA052B50546600A51664 /* InfoGeneralView.swift */; };
		9FC5EA082B5054E100A51664 /* InfoSunHour.swift in Sources */ = {isa = PBXBuildFile; fileRef = 9FC5EA072B5054E100A51664 /* InfoSunHour.swift */; };
/* End PBXBuildFile section */

/* Begin PBXFileReference section */
		9F0C75DC2B330F7200DF1CB7 /* WeatherApp.app */ = {isa = PBXFileReference; explicitFileType = wrapper.application; includeInIndex = 0; path = WeatherApp.app; sourceTree = BUILT_PRODUCTS_DIR; };
		9F0C75DF2B330F7200DF1CB7 /* WeatherAppApp.swift */ = {isa = PBXFileReference; lastKnownFileType = sourcecode.swift; path = WeatherAppApp.swift; sourceTree = "<group>"; };
		9F0C75E12B330F7200DF1CB7 /* ContentView.swift */ = {isa = PBXFileReference; lastKnownFileType = sourcecode.swift; path = ContentView.swift; sourceTree = "<group>"; };
		9F0C75E32B330F7300DF1CB7 /* Assets.xcassets */ = {isa = PBXFileReference; lastKnownFileType = folder.assetcatalog; path = Assets.xcassets; sourceTree = "<group>"; };
		9F0C75E62B330F7300DF1CB7 /* Preview Assets.xcassets */ = {isa = PBXFileReference; lastKnownFileType = folder.assetcatalog; path = "Preview Assets.xcassets"; sourceTree = "<group>"; };
		9F0C75EF2B3311EC00DF1CB7 /* WeatherHomeView.swift */ = {isa = PBXFileReference; lastKnownFileType = sourcecode.swift; path = WeatherHomeView.swift; sourceTree = "<group>"; };
		9F0C75F62B3346A900DF1CB7 /* CurrentWeatherDTO.swift */ = {isa = PBXFileReference; lastKnownFileType = sourcecode.swift; path = CurrentWeatherDTO.swift; sourceTree = "<group>"; };
		9F0C75F82B33537500DF1CB7 /* CurrentWeatherBO.swift */ = {isa = PBXFileReference; lastKnownFileType = sourcecode.swift; path = CurrentWeatherBO.swift; sourceTree = "<group>"; };
		9F0C75FA2B3C4BD100DF1CB7 /* CurrentWeatherMapper.swift */ = {isa = PBXFileReference; lastKnownFileType = sourcecode.swift; path = CurrentWeatherMapper.swift; sourceTree = "<group>"; };
		9F0C75FD2B3C5A9200DF1CB7 /* WeatherInteractor.swift */ = {isa = PBXFileReference; lastKnownFileType = sourcecode.swift; path = WeatherInteractor.swift; sourceTree = "<group>"; };
		9F0C75FF2B3D9E5F00DF1CB7 /* WeatherHomeViewModel.swift */ = {isa = PBXFileReference; lastKnownFileType = sourcecode.swift; path = WeatherHomeViewModel.swift; sourceTree = "<group>"; };
		9FC5E9FC2B50411000A51664 /* Constants.swift */ = {isa = PBXFileReference; lastKnownFileType = sourcecode.swift; path = Constants.swift; sourceTree = "<group>"; };
		9FC5EA012B5052F200A51664 /* GeneralView.swift */ = {isa = PBXFileReference; lastKnownFileType = sourcecode.swift; path = GeneralView.swift; sourceTree = "<group>"; };
		9FC5EA032B5053CB00A51664 /* InfoCityAndTempView.swift */ = {isa = PBXFileReference; lastKnownFileType = sourcecode.swift; path = InfoCityAndTempView.swift; sourceTree = "<group>"; };
		9FC5EA052B50546600A51664 /* InfoGeneralView.swift */ = {isa = PBXFileReference; lastKnownFileType = sourcecode.swift; path = InfoGeneralView.swift; sourceTree = "<group>"; };
		9FC5EA072B5054E100A51664 /* InfoSunHour.swift */ = {isa = PBXFileReference; lastKnownFileType = sourcecode.swift; path = InfoSunHour.swift; sourceTree = "<group>"; };
/* End PBXFileReference section */

/* Begin PBXFrameworksBuildPhase section */
		9F0C75D92B330F7200DF1CB7 /* Frameworks */ = {
			isa = PBXFrameworksBuildPhase;
			buildActionMask = 2147483647;
			files = (
			);
			runOnlyForDeploymentPostprocessing = 0;
		};
/* End PBXFrameworksBuildPhase section */

/* Begin PBXGroup section */
		9F0C75D32B330F7200DF1CB7 = {
			isa = PBXGroup;
			children = (
				9F0C75DE2B330F7200DF1CB7 /* WeatherApp */,
				9F0C75DD2B330F7200DF1CB7 /* Products */,
			);
			sourceTree = "<group>";
		};
		9F0C75DD2B330F7200DF1CB7 /* Products */ = {
			isa = PBXGroup;
			children = (
				9F0C75DC2B330F7200DF1CB7 /* WeatherApp.app */,
			);
			name = Products;
			sourceTree = "<group>";
		};
		9F0C75DE2B330F7200DF1CB7 /* WeatherApp */ = {
			isa = PBXGroup;
			children = (
				9F0C75FC2B3C5A4800DF1CB7 /* Provider */,
				9F0C75F12B3345E700DF1CB7 /* Model */,
				9F0C75ED2B33115D00DF1CB7 /* UseCases */,
				9FC5E9FB2B5040FD00A51664 /* Util */,
				9F0C75DF2B330F7200DF1CB7 /* WeatherAppApp.swift */,
				9F0C75E12B330F7200DF1CB7 /* ContentView.swift */,
				9F0C75E32B330F7300DF1CB7 /* Assets.xcassets */,
				9F0C75E52B330F7300DF1CB7 /* Preview Content */,
			);
			path = WeatherApp;
			sourceTree = "<group>";
		};
		9F0C75E52B330F7300DF1CB7 /* Preview Content */ = {
			isa = PBXGroup;
			children = (
				9F0C75E62B330F7300DF1CB7 /* Preview Assets.xcassets */,
			);
			path = "Preview Content";
			sourceTree = "<group>";
		};
		9F0C75ED2B33115D00DF1CB7 /* UseCases */ = {
			isa = PBXGroup;
			children = (
				9F0C75EE2B33119400DF1CB7 /* Home */,
			);
			path = UseCases;
			sourceTree = "<group>";
		};
		9F0C75EE2B33119400DF1CB7 /* Home */ = {
			isa = PBXGroup;
			children = (
				9FC5E9FE2B5052A900A51664 /* Views */,
				9F0C75EF2B3311EC00DF1CB7 /* WeatherHomeView.swift */,
				9F0C75FF2B3D9E5F00DF1CB7 /* WeatherHomeViewModel.swift */,
			);
			path = Home;
			sourceTree = "<group>";
		};
		9F0C75F12B3345E700DF1CB7 /* Model */ = {
			isa = PBXGroup;
			children = (
				9F0C75F22B3345F400DF1CB7 /* CurrentWheather */,
			);
			path = Model;
			sourceTree = "<group>";
		};
		9F0C75F22B3345F400DF1CB7 /* CurrentWheather */ = {
			isa = PBXGroup;
			children = (
				9F0C75F52B33465A00DF1CB7 /* DTO */,
				9F0C75F42B33465400DF1CB7 /* BO */,
				9F0C75F32B33464900DF1CB7 /* Mapper */,
			);
			path = CurrentWheather;
			sourceTree = "<group>";
		};
		9F0C75F32B33464900DF1CB7 /* Mapper */ = {
			isa = PBXGroup;
			children = (
				9F0C75FA2B3C4BD100DF1CB7 /* CurrentWeatherMapper.swift */,
			);
			path = Mapper;
			sourceTree = "<group>";
		};
		9F0C75F42B33465400DF1CB7 /* BO */ = {
			isa = PBXGroup;
			children = (
				9F0C75F82B33537500DF1CB7 /* CurrentWeatherBO.swift */,
			);
			path = BO;
			sourceTree = "<group>";
		};
		9F0C75F52B33465A00DF1CB7 /* DTO */ = {
			isa = PBXGroup;
			children = (
				9F0C75F62B3346A900DF1CB7 /* CurrentWeatherDTO.swift */,
			);
			path = DTO;
			sourceTree = "<group>";
		};
		9F0C75FC2B3C5A4800DF1CB7 /* Provider */ = {
			isa = PBXGroup;
			children = (
				9F0C75FD2B3C5A9200DF1CB7 /* WeatherInteractor.swift */,
			);
			path = Provider;
			sourceTree = "<group>";
		};
		9FC5E9FB2B5040FD00A51664 /* Util */ = {
			isa = PBXGroup;
			children = (
				9FC5E9FC2B50411000A51664 /* Constants.swift */,
			);
			path = Util;
			sourceTree = "<group>";
		};
		9FC5E9FE2B5052A900A51664 /* Views */ = {
			isa = PBXGroup;
			children = (
				9FC5EA012B5052F200A51664 /* GeneralView.swift */,
				9FC5EA032B5053CB00A51664 /* InfoCityAndTempView.swift */,
				9FC5EA052B50546600A51664 /* InfoGeneralView.swift */,
				9FC5EA072B5054E100A51664 /* InfoSunHour.swift */,
			);
			path = Views;
			sourceTree = "<group>";
		};
/* End PBXGroup section */

/* Begin PBXNativeTarget section */
		9F0C75DB2B330F7200DF1CB7 /* WeatherApp */ = {
			isa = PBXNativeTarget;
			buildConfigurationList = 9F0C75EA2B330F7300DF1CB7 /* Build configuration list for PBXNativeTarget "WeatherApp" */;
			buildPhases = (
				9F0C75D82B330F7200DF1CB7 /* Sources */,
				9F0C75D92B330F7200DF1CB7 /* Frameworks */,
				9F0C75DA2B330F7200DF1CB7 /* Resources */,
			);
			buildRules = (
			);
			dependencies = (
			);
			name = WeatherApp;
			productName = WeatherApp;
			productReference = 9F0C75DC2B330F7200DF1CB7 /* WeatherApp.app */;
			productType = "com.apple.product-type.application";
		};
/* End PBXNativeTarget section */

/* Begin PBXProject section */
		9F0C75D42B330F7200DF1CB7 /* Project object */ = {
			isa = PBXProject;
			attributes = {
				BuildIndependentTargetsInParallel = 1;
				LastSwiftUpdateCheck = 1500;
				LastUpgradeCheck = 1500;
				TargetAttributes = {
					9F0C75DB2B330F7200DF1CB7 = {
						CreatedOnToolsVersion = 15.0.1;
					};
				};
			};
			buildConfigurationList = 9F0C75D72B330F7200DF1CB7 /* Build configuration list for PBXProject "WeatherApp" */;
			compatibilityVersion = "Xcode 14.0";
			developmentRegion = en;
			hasScannedForEncodings = 0;
			knownRegions = (
				en,
				Base,
			);
			mainGroup = 9F0C75D32B330F7200DF1CB7;
			productRefGroup = 9F0C75DD2B330F7200DF1CB7 /* Products */;
			projectDirPath = "";
			projectRoot = "";
			targets = (
				9F0C75DB2B330F7200DF1CB7 /* WeatherApp */,
			);
		};
/* End PBXProject section */

/* Begin PBXResourcesBuildPhase section */
		9F0C75DA2B330F7200DF1CB7 /* Resources */ = {
			isa = PBXResourcesBuildPhase;
			buildActionMask = 2147483647;
			files = (
				9F0C75E72B330F7300DF1CB7 /* Preview Assets.xcassets in Resources */,
				9F0C75E42B330F7300DF1CB7 /* Assets.xcassets in Resources */,
			);
			runOnlyForDeploymentPostprocessing = 0;
		};
/* End PBXResourcesBuildPhase section */

/* Begin PBXSourcesBuildPhase section */
		9F0C75D82B330F7200DF1CB7 /* Sources */ = {
			isa = PBXSourcesBuildPhase;
			buildActionMask = 2147483647;
			files = (
				9F0C75F72B3346A900DF1CB7 /* CurrentWeatherDTO.swift in Sources */,
				9FC5EA062B50546600A51664 /* InfoGeneralView.swift in Sources */,
				9F0C75FB2B3C4BD100DF1CB7 /* CurrentWeatherMapper.swift in Sources */,
				9F0C76002B3D9E5F00DF1CB7 /* WeatherHomeViewModel.swift in Sources */,
				9FC5EA022B5052F200A51664 /* GeneralView.swift in Sources */,
				9F0C75F92B33537500DF1CB7 /* CurrentWeatherBO.swift in Sources */,
				9F0C75F02B3311EC00DF1CB7 /* WeatherHomeView.swift in Sources */,
				9F0C75E22B330F7200DF1CB7 /* ContentView.swift in Sources */,
				9F0C75E02B330F7200DF1CB7 /* WeatherAppApp.swift in Sources */,
				9F0C75FE2B3C5A9200DF1CB7 /* WeatherInteractor.swift in Sources */,
				9FC5EA082B5054E100A51664 /* InfoSunHour.swift in Sources */,
				9FC5E9FD2B50411000A51664 /* Constants.swift in Sources */,
				9FC5EA042B5053CB00A51664 /* InfoCityAndTempView.swift in Sources */,
			);
			runOnlyForDeploymentPostprocessing = 0;
		};
/* End PBXSourcesBuildPhase section */

/* Begin XCBuildConfiguration section */
		9F0C75E82B330F7300DF1CB7 /* Debug */ = {
			isa = XCBuildConfiguration;
			buildSettings = {
				ALWAYS_SEARCH_USER_PATHS = NO;
				ASSETCATALOG_COMPILER_GENERATE_SWIFT_ASSET_SYMBOL_EXTENSIONS = YES;
				CLANG_ANALYZER_NONNULL = YES;
				CLANG_ANALYZER_NUMBER_OBJECT_CONVERSION = YES_AGGRESSIVE;
				CLANG_CXX_LANGUAGE_STANDARD = "gnu++20";
				CLANG_ENABLE_MODULES = YES;
				CLANG_ENABLE_OBJC_ARC = YES;
				CLANG_ENABLE_OBJC_WEAK = YES;
				CLANG_WARN_BLOCK_CAPTURE_AUTORELEASING = YES;
				CLANG_WARN_BOOL_CONVERSION = YES;
				CLANG_WARN_COMMA = YES;
				CLANG_WARN_CONSTANT_CONVERSION = YES;
				CLANG_WARN_DEPRECATED_OBJC_IMPLEMENTATIONS = YES;
				CLANG_WARN_DIRECT_OBJC_ISA_USAGE = YES_ERROR;
				CLANG_WARN_DOCUMENTATION_COMMENTS = YES;
				CLANG_WARN_EMPTY_BODY = YES;
				CLANG_WARN_ENUM_CONVERSION = YES;
				CLANG_WARN_INFINITE_RECURSION = YES;
				CLANG_WARN_INT_CONVERSION = YES;
				CLANG_WARN_NON_LITERAL_NULL_CONVERSION = YES;
				CLANG_WARN_OBJC_IMPLICIT_RETAIN_SELF = YES;
				CLANG_WARN_OBJC_LITERAL_CONVERSION = YES;
				CLANG_WARN_OBJC_ROOT_CLASS = YES_ERROR;
				CLANG_WARN_QUOTED_INCLUDE_IN_FRAMEWORK_HEADER = YES;
				CLANG_WARN_RANGE_LOOP_ANALYSIS = YES;
				CLANG_WARN_STRICT_PROTOTYPES = YES;
				CLANG_WARN_SUSPICIOUS_MOVE = YES;
				CLANG_WARN_UNGUARDED_AVAILABILITY = YES_AGGRESSIVE;
				CLANG_WARN_UNREACHABLE_CODE = YES;
				CLANG_WARN__DUPLICATE_METHOD_MATCH = YES;
				COPY_PHASE_STRIP = NO;
				DEBUG_INFORMATION_FORMAT = dwarf;
				ENABLE_STRICT_OBJC_MSGSEND = YES;
				ENABLE_TESTABILITY = YES;
				ENABLE_USER_SCRIPT_SANDBOXING = YES;
				GCC_C_LANGUAGE_STANDARD = gnu17;
				GCC_DYNAMIC_NO_PIC = NO;
				GCC_NO_COMMON_BLOCKS = YES;
				GCC_OPTIMIZATION_LEVEL = 0;
				GCC_PREPROCESSOR_DEFINITIONS = (
					"DEBUG=1",
					"$(inherited)",
				);
				GCC_WARN_64_TO_32_BIT_CONVERSION = YES;
				GCC_WARN_ABOUT_RETURN_TYPE = YES_ERROR;
				GCC_WARN_UNDECLARED_SELECTOR = YES;
				GCC_WARN_UNINITIALIZED_AUTOS = YES_AGGRESSIVE;
				GCC_WARN_UNUSED_FUNCTION = YES;
				GCC_WARN_UNUSED_VARIABLE = YES;
				IPHONEOS_DEPLOYMENT_TARGET = 17.0;
				LOCALIZATION_PREFERS_STRING_CATALOGS = YES;
				MTL_ENABLE_DEBUG_INFO = INCLUDE_SOURCE;
				MTL_FAST_MATH = YES;
				ONLY_ACTIVE_ARCH = YES;
				SDKROOT = iphoneos;
				SWIFT_ACTIVE_COMPILATION_CONDITIONS = "DEBUG $(inherited)";
				SWIFT_OPTIMIZATION_LEVEL = "-Onone";
			};
			name = Debug;
		};
		9F0C75E92B330F7300DF1CB7 /* Release */ = {
			isa = XCBuildConfiguration;
			buildSettings = {
				ALWAYS_SEARCH_USER_PATHS = NO;
				ASSETCATALOG_COMPILER_GENERATE_SWIFT_ASSET_SYMBOL_EXTENSIONS = YES;
				CLANG_ANALYZER_NONNULL = YES;
				CLANG_ANALYZER_NUMBER_OBJECT_CONVERSION = YES_AGGRESSIVE;
				CLANG_CXX_LANGUAGE_STANDARD = "gnu++20";
				CLANG_ENABLE_MODULES = YES;
				CLANG_ENABLE_OBJC_ARC = YES;
				CLANG_ENABLE_OBJC_WEAK = YES;
				CLANG_WARN_BLOCK_CAPTURE_AUTORELEASING = YES;
				CLANG_WARN_BOOL_CONVERSION = YES;
				CLANG_WARN_COMMA = YES;
				CLANG_WARN_CONSTANT_CONVERSION = YES;
				CLANG_WARN_DEPRECATED_OBJC_IMPLEMENTATIONS = YES;
				CLANG_WARN_DIRECT_OBJC_ISA_USAGE = YES_ERROR;
				CLANG_WARN_DOCUMENTATION_COMMENTS = YES;
				CLANG_WARN_EMPTY_BODY = YES;
				CLANG_WARN_ENUM_CONVERSION = YES;
				CLANG_WARN_INFINITE_RECURSION = YES;
				CLANG_WARN_INT_CONVERSION = YES;
				CLANG_WARN_NON_LITERAL_NULL_CONVERSION = YES;
				CLANG_WARN_OBJC_IMPLICIT_RETAIN_SELF = YES;
				CLANG_WARN_OBJC_LITERAL_CONVERSION = YES;
				CLANG_WARN_OBJC_ROOT_CLASS = YES_ERROR;
				CLANG_WARN_QUOTED_INCLUDE_IN_FRAMEWORK_HEADER = YES;
				CLANG_WARN_RANGE_LOOP_ANALYSIS = YES;
				CLANG_WARN_STRICT_PROTOTYPES = YES;
				CLANG_WARN_SUSPICIOUS_MOVE = YES;
				CLANG_WARN_UNGUARDED_AVAILABILITY = YES_AGGRESSIVE;
				CLANG_WARN_UNREACHABLE_CODE = YES;
				CLANG_WARN__DUPLICATE_METHOD_MATCH = YES;
				COPY_PHASE_STRIP = NO;
				DEBUG_INFORMATION_FORMAT = "dwarf-with-dsym";
				ENABLE_NS_ASSERTIONS = NO;
				ENABLE_STRICT_OBJC_MSGSEND = YES;
				ENABLE_USER_SCRIPT_SANDBOXING = YES;
				GCC_C_LANGUAGE_STANDARD = gnu17;
				GCC_NO_COMMON_BLOCKS = YES;
				GCC_WARN_64_TO_32_BIT_CONVERSION = YES;
				GCC_WARN_ABOUT_RETURN_TYPE = YES_ERROR;
				GCC_WARN_UNDECLARED_SELECTOR = YES;
				GCC_WARN_UNINITIALIZED_AUTOS = YES_AGGRESSIVE;
				GCC_WARN_UNUSED_FUNCTION = YES;
				GCC_WARN_UNUSED_VARIABLE = YES;
				IPHONEOS_DEPLOYMENT_TARGET = 17.0;
				LOCALIZATION_PREFERS_STRING_CATALOGS = YES;
				MTL_ENABLE_DEBUG_INFO = NO;
				MTL_FAST_MATH = YES;
				SDKROOT = iphoneos;
				SWIFT_COMPILATION_MODE = wholemodule;
				VALIDATE_PRODUCT = YES;
			};
			name = Release;
		};
		9F0C75EB2B330F7300DF1CB7 /* Debug */ = {
			isa = XCBuildConfiguration;
			buildSettings = {
				ASSETCATALOG_COMPILER_APPICON_NAME = AppIcon;
				ASSETCATALOG_COMPILER_GLOBAL_ACCENT_COLOR_NAME = AccentColor;
				CODE_SIGN_STYLE = Automatic;
				CURRENT_PROJECT_VERSION = 1;
				DEVELOPMENT_ASSET_PATHS = "\"WeatherApp/Preview Content\"";
				DEVELOPMENT_TEAM = NV5FY49WBP;
				ENABLE_PREVIEWS = YES;
				GENERATE_INFOPLIST_FILE = YES;
				INFOPLIST_KEY_NSLocationWhenInUseUsageDescription = "Tu ubación se utilizará para mostrar el tiempo local";
				INFOPLIST_KEY_UIApplicationSceneManifest_Generation = YES;
				INFOPLIST_KEY_UIApplicationSupportsIndirectInputEvents = YES;
				INFOPLIST_KEY_UILaunchScreen_Generation = YES;
				INFOPLIST_KEY_UISupportedInterfaceOrientations_iPad = "UIInterfaceOrientationPortrait UIInterfaceOrientationPortraitUpsideDown UIInterfaceOrientationLandscapeLeft UIInterfaceOrientationLandscapeRight";
				INFOPLIST_KEY_UISupportedInterfaceOrientations_iPhone = "UIInterfaceOrientationPortrait UIInterfaceOrientationLandscapeLeft UIInterfaceOrientationLandscapeRight";
				IPHONEOS_DEPLOYMENT_TARGET = 15.0;
				LD_RUNPATH_SEARCH_PATHS = (
					"$(inherited)",
					"@executable_path/Frameworks",
				);
				MARKETING_VERSION = 1.0;
				PRODUCT_BUNDLE_IDENTIFIER = andresaleu.WeatherApp;
				PRODUCT_NAME = "$(TARGET_NAME)";
				SWIFT_EMIT_LOC_STRINGS = YES;
				SWIFT_VERSION = 5.0;
				TARGETED_DEVICE_FAMILY = "1,2";
			};
			name = Debug;
		};
		9F0C75EC2B330F7300DF1CB7 /* Release */ = {
			isa = XCBuildConfiguration;
			buildSettings = {
				ASSETCATALOG_COMPILER_APPICON_NAME = AppIcon;
				ASSETCATALOG_COMPILER_GLOBAL_ACCENT_COLOR_NAME = AccentColor;
				CODE_SIGN_STYLE = Automatic;
				CURRENT_PROJECT_VERSION = 1;
				DEVELOPMENT_ASSET_PATHS = "\"WeatherApp/Preview Content\"";
				DEVELOPMENT_TEAM = NV5FY49WBP;
				ENABLE_PREVIEWS = YES;
				GENERATE_INFOPLIST_FILE = YES;
				INFOPLIST_KEY_NSLocationWhenInUseUsageDescription = "Tu ubación se utilizará para mostrar el tiempo local";
				INFOPLIST_KEY_UIApplicationSceneManifest_Generation = YES;
				INFOPLIST_KEY_UIApplicationSupportsIndirectInputEvents = YES;
				INFOPLIST_KEY_UILaunchScreen_Generation = YES;
				INFOPLIST_KEY_UISupportedInterfaceOrientations_iPad = "UIInterfaceOrientationPortrait UIInterfaceOrientationPortraitUpsideDown UIInterfaceOrientationLandscapeLeft UIInterfaceOrientationLandscapeRight";
				INFOPLIST_KEY_UISupportedInterfaceOrientations_iPhone = "UIInterfaceOrientationPortrait UIInterfaceOrientationLandscapeLeft UIInterfaceOrientationLandscapeRight";
				IPHONEOS_DEPLOYMENT_TARGET = 15.0;
				LD_RUNPATH_SEARCH_PATHS = (
					"$(inherited)",
					"@executable_path/Frameworks",
				);
				MARKETING_VERSION = 1.0;
				PRODUCT_BUNDLE_IDENTIFIER = andresaleu.WeatherApp;
				PRODUCT_NAME = "$(TARGET_NAME)";
				SWIFT_EMIT_LOC_STRINGS = YES;
				SWIFT_VERSION = 5.0;
				TARGETED_DEVICE_FAMILY = "1,2";
			};
			name = Release;
		};
/* End XCBuildConfiguration section */

/* Begin XCConfigurationList section */
		9F0C75D72B330F7200DF1CB7 /* Build configuration list for PBXProject "WeatherApp" */ = {
			isa = XCConfigurationList;
			buildConfigurations = (
				9F0C75E82B330F7300DF1CB7 /* Debug */,
				9F0C75E92B330F7300DF1CB7 /* Release */,
			);
			defaultConfigurationIsVisible = 0;
			defaultConfigurationName = Release;
		};
		9F0C75EA2B330F7300DF1CB7 /* Build configuration list for PBXNativeTarget "WeatherApp" */ = {
			isa = XCConfigurationList;
			buildConfigurations = (
				9F0C75EB2B330F7300DF1CB7 /* Debug */,
				9F0C75EC2B330F7300DF1CB7 /* Release */,
			);
			defaultConfigurationIsVisible = 0;
			defaultConfigurationName = Release;
		};
/* End XCConfigurationList section */
	};
	rootObject = 9F0C75D42B330F7200DF1CB7 /* Project object */;
}
